
Microsoft Visual Studio Solution File, Format Version 12.00
# Visual Studio Version 16
VisualStudioVersion = 16.0.34031.81
MinimumVisualStudioVersion = 10.0.40219.1
Project("{2150E333-8FDC-42A3-9474-1A3956D46DE8}") = "Task0", "Task0", "{8A0EE178-811F-4638-910B-DF7B253A6A0A}"
EndProject
Project("{2150E333-8FDC-42A3-9474-1A3956D46DE8}") = "Task1", "Task1", "{C46E3779-D39B-4E4E-955D-FFBDD6DA9C06}"
EndProject
Project("{2150E333-8FDC-42A3-9474-1A3956D46DE8}") = "Task2", "Task2", "{9F56D80F-C0EC-4654-B74D-06F4727F9086}"
EndProject
Project("{2150E333-8FDC-42A3-9474-1A3956D46DE8}") = "Task3", "Task3", "{04873DC3-38BB-4C5F-96EE-8B099B72CBC8}"
EndProject
Project("{2150E333-8FDC-42A3-9474-1A3956D46DE8}") = "Task4", "Task4", "{F256E20D-A06E-4A93-88D0-88B3A8495573}"
EndProject
Project("{2150E333-8FDC-42A3-9474-1A3956D46DE8}") = "Task5", "Task5", "{F81D9DE2-6C94-492F-B838-50E9C26BA01A}"
EndProject
Project("{2150E333-8FDC-42A3-9474-1A3956D46DE8}") = "Task6", "Task6", "{9D344860-A576-4DCB-A5A5-E7D8449B2BCC}"
EndProject
Project("{2150E333-8FDC-42A3-9474-1A3956D46DE8}") = "Task7", "Task7", "{4DE3C9FE-21F6-4C7D-BF4B-0C385CDB0809}"
EndProject
Project("{FAE04EC0-301F-11D3-BF4B-00C04F79EFBC}") = "Tyuiu.KrigerAE.Sprint1.Task0.V0", "Tyuiu.KrigerAE.Sprint1.Task0.V0\Tyuiu.KrigerAE.Sprint1.Task0.V0.csproj", "{9F5866FD-6438-46D0-A7B0-8055AAFE6B40}"
EndProject
Project("{FAE04EC0-301F-11D3-BF4B-00C04F79EFBC}") = "Tyuiu.KrigerAE.Sprint0.Task1.V0", "Tyuiu.KrigerAE.Sprint0.Task1.V0\Tyuiu.KrigerAE.Sprint0.Task1.V0.csproj", "{E9C959B1-7ECE-47BF-8A04-C2AF472E21FF}"
EndProject
Project("{FAE04EC0-301F-11D3-BF4B-00C04F79EFBC}") = "Tyuiu.KrigerAE.Sprint0.Task2.V0", "Tyuiu.KrigerAE.Sprint0.Task2.V0\Tyuiu.KrigerAE.Sprint0.Task2.V0.csproj", "{66BBDEDF-2DF0-4F37-AC82-03B5AC1E32EC}"
EndProject
Project("{FAE04EC0-301F-11D3-BF4B-00C04F79EFBC}") = "Tyuiu.KrigerAE.Sprint0.Task2.V0.Lib", "Tyuiu.KrigerAE.Sprint0.Task2.V0.Lib\Tyuiu.KrigerAE.Sprint0.Task2.V0.Lib.csproj", "{520743F6-C397-4ED1-9473-FB5C42C5B81C}"
EndProject
Project("{FAE04EC0-301F-11D3-BF4B-00C04F79EFBC}") = "Tyuiu.KrigerAE.Sprint0.Task2.V0.Test", "Tyuiu.KrigerAE.Sprint0.Task2.V0.Test\Tyuiu.KrigerAE.Sprint0.Task2.V0.Test.csproj", "{191363F8-FFB9-45AD-91D8-14DD1ED6731B}"
EndProject
Project("{FAE04EC0-301F-11D3-BF4B-00C04F79EFBC}") = "Tyuiu.KrigerAE.Sprint0.Task3.V0", "Tyuiu.KrigerAE.Sprint0.Task3.V0\Tyuiu.KrigerAE.Sprint0.Task3.V0.csproj", "{67A5768C-B673-472D-8D22-C66EF7058A49}"
EndProject
Project("{FAE04EC0-301F-11D3-BF4B-00C04F79EFBC}") = "Tyuiu.KrigerAE.Sprint0.Task3.V0.Lib", "Tyuiu.KrigerAE.Sprint0.Task3.V0.Lib\Tyuiu.KrigerAE.Sprint0.Task3.V0.Lib.csproj", "{97DD163B-5729-4B21-A665-E1A322D7EE7B}"
EndProject
Project("{FAE04EC0-301F-11D3-BF4B-00C04F79EFBC}") = "Tyuiu.KrigerAE.Sprint0.Task3.V0.Test", "Tyuiu.KrigerAE.Sprint0.Task3.V0.Test\Tyuiu.KrigerAE.Sprint0.Task3.V0.Test.csproj", "{49BCC38C-D854-4EDF-9EA6-D7A2EF8584C8}"
EndProject
Project("{FAE04EC0-301F-11D3-BF4B-00C04F79EFBC}") = "Tyuiu.KrigerAE.Sprint0.Task4.V0", "Tyuiu.KrigerAE.Sprint0.Task4.V0\Tyuiu.KrigerAE.Sprint0.Task4.V0.csproj", "{E066842B-9CB8-45FC-89B4-DC298DBA7D67}"
EndProject
Project("{FAE04EC0-301F-11D3-BF4B-00C04F79EFBC}") = "Tyuiu.KrigerAE.Sprint0.Task4.V0.Lib", "Tyuiu.KrigerAE.Sprint0.Task4.V0.Lib\Tyuiu.KrigerAE.Sprint0.Task4.V0.Lib.csproj", "{7727FD52-B102-4F2F-9F6C-6BD4233B6668}"
EndProject
Project("{FAE04EC0-301F-11D3-BF4B-00C04F79EFBC}") = "Tyuiu.KrigerAE.Sprint0.Task4.V0.Test", "Tyuiu.KrigerAE.Sprint0.Task4.V0.Test\Tyuiu.KrigerAE.Sprint0.Task4.V0.Test.csproj", "{B562E357-F71C-4A9D-8395-B3A75331040A}"
EndProject
Project("{FAE04EC0-301F-11D3-BF4B-00C04F79EFBC}") = "Tyuiu.KrigerAE.Sprint0.Task5.V0", "Tyuiu.KrigerAE.Sprint0.Task5.V0\Tyuiu.KrigerAE.Sprint0.Task5.V0.csproj", "{DB13DE44-4BA8-476E-B197-F641C53234A2}"
EndProject
Project("{FAE04EC0-301F-11D3-BF4B-00C04F79EFBC}") = "Tyuiu.KrigerAE.Sprint0.Task5.V0.Lib", "Tyuiu.KrigerAE.Sprint0.Task5.V0.Lib\Tyuiu.KrigerAE.Sprint0.Task5.V0.Lib.csproj", "{AE6E7A1D-3BBA-47B3-8F48-CC9DD1345DA7}"
EndProject
Project("{FAE04EC0-301F-11D3-BF4B-00C04F79EFBC}") = "Tyuiu.KrigerAE.Sprint0.Task5.V0.Test", "Tyuiu.KrigerAE.Sprint0.Task5.V0.Test\Tyuiu.KrigerAE.Sprint0.Task5.V0.Test.csproj", "{87947E1B-CB52-4792-99AB-3A54CE493B9A}"
EndProject
Global
	GlobalSection(SolutionConfigurationPlatforms) = preSolution
		Debug|Any CPU = Debug|Any CPU
		Release|Any CPU = Release|Any CPU
	EndGlobalSection
	GlobalSection(ProjectConfigurationPlatforms) = postSolution
		{9F5866FD-6438-46D0-A7B0-8055AAFE6B40}.Debug|Any CPU.ActiveCfg = Debug|Any CPU
		{9F5866FD-6438-46D0-A7B0-8055AAFE6B40}.Debug|Any CPU.Build.0 = Debug|Any CPU
		{9F5866FD-6438-46D0-A7B0-8055AAFE6B40}.Release|Any CPU.ActiveCfg = Release|Any CPU
		{9F5866FD-6438-46D0-A7B0-8055AAFE6B40}.Release|Any CPU.Build.0 = Release|Any CPU
		{E9C959B1-7ECE-47BF-8A04-C2AF472E21FF}.Debug|Any CPU.ActiveCfg = Debug|Any CPU
		{E9C959B1-7ECE-47BF-8A04-C2AF472E21FF}.Debug|Any CPU.Build.0 = Debug|Any CPU
		{E9C959B1-7ECE-47BF-8A04-C2AF472E21FF}.Release|Any CPU.ActiveCfg = Release|Any CPU
		{E9C959B1-7ECE-47BF-8A04-C2AF472E21FF}.Release|Any CPU.Build.0 = Release|Any CPU
		{66BBDEDF-2DF0-4F37-AC82-03B5AC1E32EC}.Debug|Any CPU.ActiveCfg = Debug|Any CPU
		{66BBDEDF-2DF0-4F37-AC82-03B5AC1E32EC}.Debug|Any CPU.Build.0 = Debug|Any CPU
		{66BBDEDF-2DF0-4F37-AC82-03B5AC1E32EC}.Release|Any CPU.ActiveCfg = Release|Any CPU
		{66BBDEDF-2DF0-4F37-AC82-03B5AC1E32EC}.Release|Any CPU.Build.0 = Release|Any CPU
		{520743F6-C397-4ED1-9473-FB5C42C5B81C}.Debug|Any CPU.ActiveCfg = Debug|Any CPU
		{520743F6-C397-4ED1-9473-FB5C42C5B81C}.Debug|Any CPU.Build.0 = Debug|Any CPU
		{520743F6-C397-4ED1-9473-FB5C42C5B81C}.Release|Any CPU.ActiveCfg = Release|Any CPU
		{520743F6-C397-4ED1-9473-FB5C42C5B81C}.Release|Any CPU.Build.0 = Release|Any CPU
		{191363F8-FFB9-45AD-91D8-14DD1ED6731B}.Debug|Any CPU.ActiveCfg = Debug|Any CPU
		{191363F8-FFB9-45AD-91D8-14DD1ED6731B}.Debug|Any CPU.Build.0 = Debug|Any CPU
		{191363F8-FFB9-45AD-91D8-14DD1ED6731B}.Release|Any CPU.ActiveCfg = Release|Any CPU
		{191363F8-FFB9-45AD-91D8-14DD1ED6731B}.Release|Any CPU.Build.0 = Release|Any CPU
		{67A5768C-B673-472D-8D22-C66EF7058A49}.Debug|Any CPU.ActiveCfg = Debug|Any CPU
		{67A5768C-B673-472D-8D22-C66EF7058A49}.Debug|Any CPU.Build.0 = Debug|Any CPU
		{67A5768C-B673-472D-8D22-C66EF7058A49}.Release|Any CPU.ActiveCfg = Release|Any CPU
		{67A5768C-B673-472D-8D22-C66EF7058A49}.Release|Any CPU.Build.0 = Release|Any CPU
		{97DD163B-5729-4B21-A665-E1A322D7EE7B}.Debug|Any CPU.ActiveCfg = Debug|Any CPU
		{97DD163B-5729-4B21-A665-E1A322D7EE7B}.Debug|Any CPU.Build.0 = Debug|Any CPU
		{97DD163B-5729-4B21-A665-E1A322D7EE7B}.Release|Any CPU.ActiveCfg = Release|Any CPU
		{97DD163B-5729-4B21-A665-E1A322D7EE7B}.Release|Any CPU.Build.0 = Release|Any CPU
		{49BCC38C-D854-4EDF-9EA6-D7A2EF8584C8}.Debug|Any CPU.ActiveCfg = Debug|Any CPU
		{49BCC38C-D854-4EDF-9EA6-D7A2EF8584C8}.Debug|Any CPU.Build.0 = Debug|Any CPU
		{49BCC38C-D854-4EDF-9EA6-D7A2EF8584C8}.Release|Any CPU.ActiveCfg = Release|Any CPU
		{49BCC38C-D854-4EDF-9EA6-D7A2EF8584C8}.Release|Any CPU.Build.0 = Release|Any CPU
		{E066842B-9CB8-45FC-89B4-DC298DBA7D67}.Debug|Any CPU.ActiveCfg = Debug|Any CPU
		{E066842B-9CB8-45FC-89B4-DC298DBA7D67}.Debug|Any CPU.Build.0 = Debug|Any CPU
		{E066842B-9CB8-45FC-89B4-DC298DBA7D67}.Release|Any CPU.ActiveCfg = Release|Any CPU
		{E066842B-9CB8-45FC-89B4-DC298DBA7D67}.Release|Any CPU.Build.0 = Release|Any CPU
		{7727FD52-B102-4F2F-9F6C-6BD4233B6668}.Debug|Any CPU.ActiveCfg = Debug|Any CPU
		{7727FD52-B102-4F2F-9F6C-6BD4233B6668}.Debug|Any CPU.Build.0 = Debug|Any CPU
		{7727FD52-B102-4F2F-9F6C-6BD4233B6668}.Release|Any CPU.ActiveCfg = Release|Any CPU
		{7727FD52-B102-4F2F-9F6C-6BD4233B6668}.Release|Any CPU.Build.0 = Release|Any CPU
		{B562E357-F71C-4A9D-8395-B3A75331040A}.Debug|Any CPU.ActiveCfg = Debug|Any CPU
		{B562E357-F71C-4A9D-8395-B3A75331040A}.Debug|Any CPU.Build.0 = Debug|Any CPU
		{B562E357-F71C-4A9D-8395-B3A75331040A}.Release|Any CPU.ActiveCfg = Release|Any CPU
		{B562E357-F71C-4A9D-8395-B3A75331040A}.Release|Any CPU.Build.0 = Release|Any CPU
		{DB13DE44-4BA8-476E-B197-F641C53234A2}.Debug|Any CPU.ActiveCfg = Debug|Any CPU
		{DB13DE44-4BA8-476E-B197-F641C53234A2}.Debug|Any CPU.Build.0 = Debug|Any CPU
		{DB13DE44-4BA8-476E-B197-F641C53234A2}.Release|Any CPU.ActiveCfg = Release|Any CPU
		{DB13DE44-4BA8-476E-B197-F641C53234A2}.Release|Any CPU.Build.0 = Release|Any CPU
		{AE6E7A1D-3BBA-47B3-8F48-CC9DD1345DA7}.Debug|Any CPU.ActiveCfg = Debug|Any CPU
		{AE6E7A1D-3BBA-47B3-8F48-CC9DD1345DA7}.Debug|Any CPU.Build.0 = Debug|Any CPU
		{AE6E7A1D-3BBA-47B3-8F48-CC9DD1345DA7}.Release|Any CPU.ActiveCfg = Release|Any CPU
		{AE6E7A1D-3BBA-47B3-8F48-CC9DD1345DA7}.Release|Any CPU.Build.0 = Release|Any CPU
		{87947E1B-CB52-4792-99AB-3A54CE493B9A}.Debug|Any CPU.ActiveCfg = Debug|Any CPU
		{87947E1B-CB52-4792-99AB-3A54CE493B9A}.Debug|Any CPU.Build.0 = Debug|Any CPU
		{87947E1B-CB52-4792-99AB-3A54CE493B9A}.Release|Any CPU.ActiveCfg = Release|Any CPU
		{87947E1B-CB52-4792-99AB-3A54CE493B9A}.Release|Any CPU.Build.0 = Release|Any CPU
	EndGlobalSection
	GlobalSection(SolutionProperties) = preSolution
		HideSolutionNode = FALSE
	EndGlobalSection
	GlobalSection(NestedProjects) = preSolution
		{9F5866FD-6438-46D0-A7B0-8055AAFE6B40} = {8A0EE178-811F-4638-910B-DF7B253A6A0A}
		{E9C959B1-7ECE-47BF-8A04-C2AF472E21FF} = {C46E3779-D39B-4E4E-955D-FFBDD6DA9C06}
		{66BBDEDF-2DF0-4F37-AC82-03B5AC1E32EC} = {9F56D80F-C0EC-4654-B74D-06F4727F9086}
		{520743F6-C397-4ED1-9473-FB5C42C5B81C} = {9F56D80F-C0EC-4654-B74D-06F4727F9086}
		{191363F8-FFB9-45AD-91D8-14DD1ED6731B} = {9F56D80F-C0EC-4654-B74D-06F4727F9086}
		{67A5768C-B673-472D-8D22-C66EF7058A49} = {04873DC3-38BB-4C5F-96EE-8B099B72CBC8}
		{97DD163B-5729-4B21-A665-E1A322D7EE7B} = {04873DC3-38BB-4C5F-96EE-8B099B72CBC8}
		{49BCC38C-D854-4EDF-9EA6-D7A2EF8584C8} = {04873DC3-38BB-4C5F-96EE-8B099B72CBC8}
		{E066842B-9CB8-45FC-89B4-DC298DBA7D67} = {F256E20D-A06E-4A93-88D0-88B3A8495573}
		{7727FD52-B102-4F2F-9F6C-6BD4233B6668} = {F256E20D-A06E-4A93-88D0-88B3A8495573}
		{B562E357-F71C-4A9D-8395-B3A75331040A} = {F256E20D-A06E-4A93-88D0-88B3A8495573}
		{DB13DE44-4BA8-476E-B197-F641C53234A2} = {F81D9DE2-6C94-492F-B838-50E9C26BA01A}
		{AE6E7A1D-3BBA-47B3-8F48-CC9DD1345DA7} = {F81D9DE2-6C94-492F-B838-50E9C26BA01A}
		{87947E1B-CB52-4792-99AB-3A54CE493B9A} = {F81D9DE2-6C94-492F-B838-50E9C26BA01A}
	EndGlobalSection
	GlobalSection(ExtensibilityGlobals) = postSolution
		SolutionGuid = {7CE4A7F4-FD6A-475A-9340-93AFC9195F8D}
	EndGlobalSection
EndGlobal
